<?xml version="1.0" encoding="utf-8"?>
<Project ToolsVersion="4.0" xmlns="http://schemas.microsoft.com/developer/msbuild/2003">
  <ItemGroup>
    <Filter Include="Source Files">
      <UniqueIdentifier>{4FC737F1-C7A5-4376-A066-2A32D752A2FF}</UniqueIdentifier>
      <Extensions>cpp;c;cc;cxx;c++;cppm;ixx;def;odl;idl;hpj;bat;asm;asmx</Extensions>
    </Filter>
    <Filter Include="Header Files">
      <UniqueIdentifier>{93995380-89BD-4b04-88EB-625FBE52EBFB}</UniqueIdentifier>
      <Extensions>h;hh;hpp;hxx;h++;hm;inl;inc;ipp;xsd</Extensions>
    </Filter>
    <Filter Include="Resource Files">
      <UniqueIdentifier>{67DA6AB6-F800-4c08-8B7A-83BB121AAD01}</UniqueIdentifier>
      <Extensions>rc;ico;cur;bmp;dlg;rc2;rct;bin;rgs;gif;jpg;jpeg;jpe;resx;tiff;tif;png;wav;mfcribbon-ms</Extensions>
    </Filter>
  </ItemGroup>
  <ItemGroup>
    <None Include="..\..\..\..\Downloads\Game--main (1)\Game--main\CppProperties.json" />
    <None Include="..\..\..\..\Downloads\Game--main (1)\Game--main\README.md" />
  </ItemGroup>
  <ItemGroup>
    <Media Include="..\..\..\..\Downloads\Game--main (1)\Game--main\background.wav">
      <Filter>Resource Files</Filter>
    </Media>
    <Media Include="..\..\..\..\Downloads\Game--main (1)\Game--main\enter.wav">
      <Filter>Resource Files</Filter>
    </Media>
    <Media Include="..\..\..\..\Downloads\Game--main (1)\Game--main\error.wav">
      <Filter>Resource Files</Filter>
    </Media>
    <Media Include="..\..\..\..\Downloads\Game--main (1)\Game--main\lose.wav">
      <Filter>Resource Files</Filter>
    </Media>
    <Media Include="..\..\..\..\Downloads\Game--main (1)\Game--main\move.wav">
      <Filter>Resource Files</Filter>
    </Media>
    <Media Include="..\..\..\..\Downloads\Game--main (1)\Game--main\win.wav">
      <Filter>Resource Files</Filter>
    </Media>
  </ItemGroup>
  <ItemGroup>
    <ClCompile Include="..\..\..\..\Downloads\Game--main (1)\Game--main\Checking.cpp">
      <Filter>Source Files</Filter>
    </ClCompile>
    <ClCompile Include="..\..\..\..\Downloads\Game--main (1)\Game--main\CheckingLinkedList.cpp">
      <Filter>Source Files</Filter>
    </ClCompile>
    <ClCompile Include="..\..\..\..\Downloads\Game--main (1)\Game--main\Hard.cpp">
      <Filter>Source Files</Filter>
    </ClCompile>
    <ClCompile Include="..\..\..\..\Downloads\Game--main (1)\Game--main\main.cpp">
      <Filter>Source Files</Filter>
    </ClCompile>
    <ClCompile Include="..\..\..\..\Downloads\Game--main (1)\Game--main\Normal.cpp">
      <Filter>Source Files</Filter>
    </ClCompile>
    <ClCompile Include="..\..\..\..\Downloads\Game--main (1)\Game--main\Setting.cpp">
      <Filter>Source Files</Filter>
    </ClCompile>
    <ClCompile Include="..\..\..\..\Downloads\Game--main (1)\Game--main\Structure.cpp">
      <Filter>Source Files</Filter>
    </ClCompile>
    <ClCompile Include="..\..\..\..\Downloads\Game--main (1)\Game--main\Utility.cpp">
      <Filter>Source Files</Filter>
    </ClCompile>
  </ItemGroup>
  <ItemGroup>
    <ClInclude Include="..\..\..\..\Downloads\Game--main (1)\Game--main\Checking.h">
      <Filter>Header Files</Filter>
    </ClInclude>
    <ClInclude Include="..\..\..\..\Downloads\Game--main (1)\Game--main\CheckingLinkedList.h">
      <Filter>Header Files</Filter>
    </ClInclude>
    <ClInclude Include="..\..\..\..\Downloads\Game--main (1)\Game--main\Hard.h">
      <Filter>Header Files</Filter>
    </ClInclude>
    <ClInclude Include="..\..\..\..\Downloads\Game--main (1)\Game--main\Normal.h">
      <Filter>Header Files</Filter>
    </ClInclude>
    <ClInclude Include="..\..\..\..\Downloads\Game--main (1)\Game--main\Setting.h">
      <Filter>Header Files</Filter>
    </ClInclude>
    <ClInclude Include="..\..\..\..\Downloads\Game--main (1)\Game--main\Structure.h">
      <Filter>Header Files</Filter>
    </ClInclude>
    <ClInclude Include="..\..\..\..\Downloads\Game--main (1)\Game--main\Utility.h">
      <Filter>Header Files</Filter>
    </ClInclude>
  </ItemGroup>
  <ItemGroup>
    <Text Include="..\..\..\..\Downloads\Game--main (1)\Game--main\Hard.txt" />
    <Text Include="..\..\..\..\Downloads\Game--main (1)\Game--main\hcmus.txt" />
    <Text Include="..\..\..\..\Downloads\Game--main (1)\Game--main\Normal.txt" />
    <Text Include="..\..\..\..\Downloads\Game--main (1)\Game--main\pika.txt" />
  </ItemGroup>
</Project>